
Microsoft Visual Studio Solution File, Format Version 12.00
# Visual Studio 2013
VisualStudioVersion = 12.0.21005.1
MinimumVisualStudioVersion = 10.0.40219.1
Project("{F2A71F9B-5D33-465A-A702-920D77279786}") = "TestFsharp", "TestFsharp\TestFsharp.fsproj", "{BF9DF34F-490C-4ECB-8ADD-8E306BCD8456}"
EndProject
Project("{2150E333-8FDC-42A3-9474-1A3956D46DE8}") = "Solution Items", "Solution Items", "{3C034ACA-5290-4A99-9C71-CB762A65851A}"
	ProjectSection(SolutionItems) = preProject
		TypeSystem.fs = TypeSystem.fs
	EndProjectSection
EndProject
Global
	GlobalSection(SolutionConfigurationPlatforms) = preSolution
		Debug|Any CPU = Debug|Any CPU
		Release|Any CPU = Release|Any CPU
	EndGlobalSection
	GlobalSection(ProjectConfigurationPlatforms) = postSolution
		{BF9DF34F-490C-4ECB-8ADD-8E306BCD8456}.Debug|Any CPU.ActiveCfg = Debug|Any CPU
		{BF9DF34F-490C-4ECB-8ADD-8E306BCD8456}.Debug|Any CPU.Build.0 = Debug|Any CPU
		{BF9DF34F-490C-4ECB-8ADD-8E306BCD8456}.Release|Any CPU.ActiveCfg = Release|Any CPU
		{BF9DF34F-490C-4ECB-8ADD-8E306BCD8456}.Release|Any CPU.Build.0 = Release|Any CPU
	EndGlobalSection
	GlobalSection(SolutionProperties) = preSolution
		HideSolutionNode = FALSE
	EndGlobalSection
EndGlobal
